{
  "name": "client",
  "version": "0.1.0",
  "lockfileVersion": 1,
  "requires": true,
  "dependencies": {
    "@types/ragemp-c": {
      "version": "github:CocaColaBear/types-ragemp-c#14a22e9b4fa0da93d6b0152eff73f9f680530a59",
      "from": "github:CocaColaBear/types-ragemp-c#master",
      "dev": true
    }
  }
}
